
Microsoft Visual Studio Solution File, Format Version 12.00
# Visual Studio 15
VisualStudioVersion = 15.0.28307.329
MinimumVisualStudioVersion = 10.0.40219.1
Project("{FAE04EC0-301F-11D3-BF4B-00C04F79EFBC}") = "CustomerWrite", "CustomerWrite\CustomerWrite.csproj", "{967FF58C-58BA-4361-A6B5-E74D75BD525A}"
EndProject
Global
	GlobalSection(SolutionConfigurationPlatforms) = preSolution
		Debug|Any CPU = Debug|Any CPU
		Release|Any CPU = Release|Any CPU
	EndGlobalSection
	GlobalSection(ProjectConfigurationPlatforms) = postSolution
		{967FF58C-58BA-4361-A6B5-E74D75BD525A}.Debug|Any CPU.ActiveCfg = Debug|Any CPU
		{967FF58C-58BA-4361-A6B5-E74D75BD525A}.Debug|Any CPU.Build.0 = Debug|Any CPU
		{967FF58C-58BA-4361-A6B5-E74D75BD525A}.Release|Any CPU.ActiveCfg = Release|Any CPU
		{967FF58C-58BA-4361-A6B5-E74D75BD525A}.Release|Any CPU.Build.0 = Release|Any CPU
	EndGlobalSection
	GlobalSection(SolutionProperties) = preSolution
		HideSolutionNode = FALSE
	EndGlobalSection
	GlobalSection(ExtensibilityGlobals) = postSolution
		SolutionGuid = {3D80C30A-1E36-4DFA-B2D6-42200F61BB1D}
	EndGlobalSection
EndGlobal
